// !$*UTF8*$!
{
	archiveVersion = 1;
	classes = {
	};
	objectVersion = 52;
	objects = {

/* Begin PBXBuildFile section */
		5A45C7272889A1710023BEAF /* OpticalFlowCalculation.cpp in Sources */ = {isa = PBXBuildFile; fileRef = 5A45C7252889A1710023BEAF /* OpticalFlowCalculation.cpp */; };
		5A45C7282889A1710023BEAF /* OpticalFlowCalculation.hpp in Headers */ = {isa = PBXBuildFile; fileRef = 5A45C7262889A1710023BEAF /* OpticalFlowCalculation.hpp */; };
		5AA1724E287EAA9500F758E7 /* Accelerate.framework in Frameworks */ = {isa = PBXBuildFile; fileRef = 5AA1724D287EAA9500F758E7 /* Accelerate.framework */; };
		5AA17250287EAAEF00F758E7 /* OpenCL.framework in Frameworks */ = {isa = PBXBuildFile; fileRef = 5AA1724F287EAAEF00F758E7 /* OpenCL.framework */; };
		5ACE4B3A287F1AA700C95D11 /* opencv2.xcframework in Frameworks */ = {isa = PBXBuildFile; fileRef = 5ACE4B39287F1AA700C95D11 /* opencv2.xcframework */; };
		5ACE4B3D287F1BBE00C95D11 /* Helper.cpp in Sources */ = {isa = PBXBuildFile; fileRef = 5ACE4B3B287F1BBE00C95D11 /* Helper.cpp */; };
		5ACE4B3E287F1BBE00C95D11 /* Helper.hpp in Headers */ = {isa = PBXBuildFile; fileRef = 5ACE4B3C287F1BBE00C95D11 /* Helper.hpp */; };
		8948C28E1C33105D0022A6A1 /* Cocoa.framework in Frameworks */ = {isa = PBXBuildFile; fileRef = 8948C28C1C33105D0022A6A1 /* Cocoa.framework */; };
		899E0F07197ED7D00037E65E /* OpticalFlow_Prefix.pch in Headers */ = {isa = PBXBuildFile; fileRef = 32BAE0B30371A71500C91783 /* OpticalFlow_Prefix.pch */; };
		899E0F08197ED7D00037E65E /* OpticalFlow.h in Headers */ = {isa = PBXBuildFile; fileRef = 89A72B5510904BD5003AE340 /* OpticalFlow.h */; };
		899E0F0A197ED7D00037E65E /* InfoPlist.strings in Resources */ = {isa = PBXBuildFile; fileRef = 089C167DFE841241C02AAC07 /* InfoPlist.strings */; };
		899E0F0C197ED7D00037E65E /* OpticalFlow.cpp in Sources */ = {isa = PBXBuildFile; fileRef = AA5D4C57057E889500B0C55B /* OpticalFlow.cpp */; };
		899E0F0E197ED7D00037E65E /* Carbon.framework in Frameworks */ = {isa = PBXBuildFile; fileRef = 08EA7FFBFE8413EDC02AAC07 /* Carbon.framework */; };
		899E0F10197ED7D00037E65E /* AudioToolbox.framework in Frameworks */ = {isa = PBXBuildFile; fileRef = 899E0F03197ED74E0037E65E /* AudioToolbox.framework */; };
		899E0F12197ED7D00037E65E /* OpticalFlow.r in Rez */ = {isa = PBXBuildFile; fileRef = AA5D4C58057E889500B0C55B /* OpticalFlow.r */; };
		899E0F1C197EDAC90037E65E /* libXOPSupport64.a in Frameworks */ = {isa = PBXBuildFile; fileRef = 899E0F1B197EDAC90037E65E /* libXOPSupport64.a */; };
/* End PBXBuildFile section */

/* Begin PBXCopyFilesBuildPhase section */
		899E0F13197ED7D00037E65E /* CopyFiles */ = {
			isa = PBXCopyFilesBuildPhase;
			buildActionMask = 2147483647;
			dstPath = Contents;
			dstSubfolderSpec = 1;
			files = (
			);
			runOnlyForDeploymentPostprocessing = 0;
		};
/* End PBXCopyFilesBuildPhase section */

/* Begin PBXFileReference section */
		08EA7FFBFE8413EDC02AAC07 /* Carbon.framework */ = {isa = PBXFileReference; lastKnownFileType = wrapper.framework; name = Carbon.framework; path = /System/Library/Frameworks/Carbon.framework; sourceTree = "<absolute>"; };
		32BAE0B30371A71500C91783 /* OpticalFlow_Prefix.pch */ = {isa = PBXFileReference; fileEncoding = 4; lastKnownFileType = sourcecode.c.h; path = OpticalFlow_Prefix.pch; sourceTree = "<group>"; };
		5A45C7252889A1710023BEAF /* OpticalFlowCalculation.cpp */ = {isa = PBXFileReference; lastKnownFileType = sourcecode.cpp.cpp; name = OpticalFlowCalculation.cpp; path = ../OpticalFlowCalculation.cpp; sourceTree = "<group>"; };
		5A45C7262889A1710023BEAF /* OpticalFlowCalculation.hpp */ = {isa = PBXFileReference; lastKnownFileType = sourcecode.cpp.h; name = OpticalFlowCalculation.hpp; path = ../OpticalFlowCalculation.hpp; sourceTree = "<group>"; };
		5AA1724D287EAA9500F758E7 /* Accelerate.framework */ = {isa = PBXFileReference; lastKnownFileType = wrapper.framework; name = Accelerate.framework; path = System/Library/Frameworks/Accelerate.framework; sourceTree = SDKROOT; };
		5AA1724F287EAAEF00F758E7 /* OpenCL.framework */ = {isa = PBXFileReference; lastKnownFileType = wrapper.framework; name = OpenCL.framework; path = System/Library/Frameworks/OpenCL.framework; sourceTree = SDKROOT; };
		5ACE4B39287F1AA700C95D11 /* opencv2.xcframework */ = {isa = PBXFileReference; lastKnownFileType = wrapper.xcframework; name = opencv2.xcframework; path = ../openCV/opencv2.xcframework; sourceTree = "<group>"; };
		5ACE4B3B287F1BBE00C95D11 /* Helper.cpp */ = {isa = PBXFileReference; lastKnownFileType = sourcecode.cpp.cpp; name = Helper.cpp; path = ../Helper.cpp; sourceTree = "<group>"; };
		5ACE4B3C287F1BBE00C95D11 /* Helper.hpp */ = {isa = PBXFileReference; lastKnownFileType = sourcecode.cpp.h; name = Helper.hpp; path = ../Helper.hpp; sourceTree = "<group>"; };
		8948C28C1C33105D0022A6A1 /* Cocoa.framework */ = {isa = PBXFileReference; lastKnownFileType = wrapper.framework; name = Cocoa.framework; path = /Work/XOPDev/IgorXOPs7/OpticalFlow/Xcode/../../../../../System/Library/Frameworks/Cocoa.framework; sourceTree = "<absolute>"; };
		894DD919209D060A00405BAA /* OpticalFlow.rc */ = {isa = PBXFileReference; lastKnownFileType = text; name = OpticalFlow.rc; path = ../OpticalFlow.rc; sourceTree = "<group>"; };
		894DD91A209D060A00405BAA /* OpticalFlowWinCustom.rc */ = {isa = PBXFileReference; lastKnownFileType = text; name = OpticalFlowWinCustom.rc; path = ../OpticalFlowWinCustom.rc; sourceTree = "<group>"; };
		899E0F03197ED74E0037E65E /* AudioToolbox.framework */ = {isa = PBXFileReference; lastKnownFileType = wrapper.framework; name = AudioToolbox.framework; path = /Work/XOPDev/IgorXOPs7/OpticalFlow/Xcode/../../../../../System/Library/Frameworks/AudioToolbox.framework; sourceTree = "<absolute>"; };
		899E0F18197ED7D00037E65E /* OpticalFlow-64.xop */ = {isa = PBXFileReference; explicitFileType = wrapper.cfbundle; includeInIndex = 0; path = "OpticalFlow-64.xop"; sourceTree = BUILT_PRODUCTS_DIR; };
		899E0F1A197ED9EC0037E65E /* Info64.plist */ = {isa = PBXFileReference; lastKnownFileType = text.plist.xml; path = Info64.plist; sourceTree = SOURCE_ROOT; };
		899E0F1B197EDAC90037E65E /* libXOPSupport64.a */ = {isa = PBXFileReference; lastKnownFileType = archive.ar; name = libXOPSupport64.a; path = ../../XOPSupport/Xcode/libXOPSupport64.a; sourceTree = SOURCE_ROOT; };
		89A1111026B835C000260D21 /* en */ = {isa = PBXFileReference; lastKnownFileType = text.plist.strings; name = en; path = en.lproj/InfoPlist.strings; sourceTree = "<group>"; };
		89A72B5510904BD5003AE340 /* OpticalFlow.h */ = {isa = PBXFileReference; fileEncoding = 4; lastKnownFileType = sourcecode.c.h; name = OpticalFlow.h; path = ../OpticalFlow.h; sourceTree = SOURCE_ROOT; };
		AA5D4C57057E889500B0C55B /* OpticalFlow.cpp */ = {isa = PBXFileReference; fileEncoding = 4; lastKnownFileType = sourcecode.cpp.cpp; name = OpticalFlow.cpp; path = ../OpticalFlow.cpp; sourceTree = SOURCE_ROOT; };
		AA5D4C58057E889500B0C55B /* OpticalFlow.r */ = {isa = PBXFileReference; fileEncoding = 30; lastKnownFileType = sourcecode.rez; name = OpticalFlow.r; path = ../OpticalFlow.r; sourceTree = SOURCE_ROOT; };
/* End PBXFileReference section */

/* Begin PBXFrameworksBuildPhase section */
		899E0F0D197ED7D00037E65E /* Frameworks */ = {
			isa = PBXFrameworksBuildPhase;
			buildActionMask = 2147483647;
			files = (
				5AA17250287EAAEF00F758E7 /* OpenCL.framework in Frameworks */,
				5AA1724E287EAA9500F758E7 /* Accelerate.framework in Frameworks */,
				8948C28E1C33105D0022A6A1 /* Cocoa.framework in Frameworks */,
				899E0F0E197ED7D00037E65E /* Carbon.framework in Frameworks */,
				899E0F10197ED7D00037E65E /* AudioToolbox.framework in Frameworks */,
				899E0F1C197EDAC90037E65E /* libXOPSupport64.a in Frameworks */,
				5ACE4B3A287F1AA700C95D11 /* opencv2.xcframework in Frameworks */,
			);
			runOnlyForDeploymentPostprocessing = 0;
		};
/* End PBXFrameworksBuildPhase section */

/* Begin PBXGroup section */
		089C166AFE841209C02AAC07 /* OpticalFlow */ = {
			isa = PBXGroup;
			children = (
				08FB77ADFE841716C02AAC07 /* Source */,
				089C167CFE841241C02AAC07 /* Resources */,
				089C1671FE841209C02AAC07 /* External Frameworks and Libraries */,
				19C28FB4FE9D528D11CA2CBB /* Products */,
				5AA1724C287EAA9400F758E7 /* Frameworks */,
			);
			name = OpticalFlow;
			sourceTree = "<group>";
		};
		089C1671FE841209C02AAC07 /* External Frameworks and Libraries */ = {
			isa = PBXGroup;
			children = (
				5ACE4B39287F1AA700C95D11 /* opencv2.xcframework */,
				8948C28C1C33105D0022A6A1 /* Cocoa.framework */,
				899E0F03197ED74E0037E65E /* AudioToolbox.framework */,
				08EA7FFBFE8413EDC02AAC07 /* Carbon.framework */,
				899E0F1B197EDAC90037E65E /* libXOPSupport64.a */,
			);
			name = "External Frameworks and Libraries";
			sourceTree = SOURCE_ROOT;
		};
		089C167CFE841241C02AAC07 /* Resources */ = {
			isa = PBXGroup;
			children = (
				AA5D4C58057E889500B0C55B /* OpticalFlow.r */,
				894DD919209D060A00405BAA /* OpticalFlow.rc */,
				894DD91A209D060A00405BAA /* OpticalFlowWinCustom.rc */,
				899E0F1A197ED9EC0037E65E /* Info64.plist */,
				089C167DFE841241C02AAC07 /* InfoPlist.strings */,
			);
			name = Resources;
			sourceTree = "<group>";
		};
		08FB77ADFE841716C02AAC07 /* Source */ = {
			isa = PBXGroup;
			children = (
				32BAE0B30371A71500C91783 /* OpticalFlow_Prefix.pch */,
				89A72B5510904BD5003AE340 /* OpticalFlow.h */,
				AA5D4C57057E889500B0C55B /* OpticalFlow.cpp */,
				5ACE4B3B287F1BBE00C95D11 /* Helper.cpp */,
				5ACE4B3C287F1BBE00C95D11 /* Helper.hpp */,
				5A45C7252889A1710023BEAF /* OpticalFlowCalculation.cpp */,
				5A45C7262889A1710023BEAF /* OpticalFlowCalculation.hpp */,
			);
			name = Source;
			sourceTree = "<group>";
		};
		19C28FB4FE9D528D11CA2CBB /* Products */ = {
			isa = PBXGroup;
			children = (
				899E0F18197ED7D00037E65E /* OpticalFlow-64.xop */,
			);
			name = Products;
			sourceTree = "<group>";
		};
		5AA1724C287EAA9400F758E7 /* Frameworks */ = {
			isa = PBXGroup;
			children = (
				5AA1724F287EAAEF00F758E7 /* OpenCL.framework */,
				5AA1724D287EAA9500F758E7 /* Accelerate.framework */,
			);
			name = Frameworks;
			sourceTree = "<group>";
		};
/* End PBXGroup section */

/* Begin PBXHeadersBuildPhase section */
		899E0F06197ED7D00037E65E /* Headers */ = {
			isa = PBXHeadersBuildPhase;
			buildActionMask = 2147483647;
			files = (
				5ACE4B3E287F1BBE00C95D11 /* Helper.hpp in Headers */,
				899E0F07197ED7D00037E65E /* OpticalFlow_Prefix.pch in Headers */,
				899E0F08197ED7D00037E65E /* OpticalFlow.h in Headers */,
				5A45C7282889A1710023BEAF /* OpticalFlowCalculation.hpp in Headers */,
			);
			runOnlyForDeploymentPostprocessing = 0;
		};
/* End PBXHeadersBuildPhase section */

/* Begin PBXNativeTarget section */
		899E0F05197ED7D00037E65E /* OpticalFlow-64 */ = {
			isa = PBXNativeTarget;
			buildConfigurationList = 899E0F14197ED7D00037E65E /* Build configuration list for PBXNativeTarget "OpticalFlow-64" */;
			buildPhases = (
				899E0F06197ED7D00037E65E /* Headers */,
				899E0F09197ED7D00037E65E /* Resources */,
				899E0F0B197ED7D00037E65E /* Sources */,
				899E0F0D197ED7D00037E65E /* Frameworks */,
				899E0F11197ED7D00037E65E /* Rez */,
				899E0F13197ED7D00037E65E /* CopyFiles */,
			);
			buildRules = (
			);
			dependencies = (
			);
			name = "OpticalFlow-64";
			productInstallPath = "$(HOME)/Library/Bundles";
			productName = OpticalFlow;
			productReference = 899E0F18197ED7D00037E65E /* OpticalFlow-64.xop */;
			productType = "com.apple.product-type.bundle";
		};
/* End PBXNativeTarget section */

/* Begin PBXProject section */
		089C1669FE841209C02AAC07 /* Project object */ = {
			isa = PBXProject;
			attributes = {
				LastUpgradeCheck = 1300;
			};
			buildConfigurationList = 89155245093FB1A30062870E /* Build configuration list for PBXProject "OpticalFlow" */;
			compatibilityVersion = "Xcode 3.2";
			developmentRegion = en;
			hasScannedForEncodings = 1;
			knownRegions = (
				en,
				Base,
			);
			mainGroup = 089C166AFE841209C02AAC07 /* OpticalFlow */;
			projectDirPath = "";
			projectRoot = "";
			targets = (
				899E0F05197ED7D00037E65E /* OpticalFlow-64 */,
			);
		};
/* End PBXProject section */

/* Begin PBXResourcesBuildPhase section */
		899E0F09197ED7D00037E65E /* Resources */ = {
			isa = PBXResourcesBuildPhase;
			buildActionMask = 2147483647;
			files = (
				899E0F0A197ED7D00037E65E /* InfoPlist.strings in Resources */,
			);
			runOnlyForDeploymentPostprocessing = 0;
		};
/* End PBXResourcesBuildPhase section */

/* Begin PBXRezBuildPhase section */
		899E0F11197ED7D00037E65E /* Rez */ = {
			isa = PBXRezBuildPhase;
			buildActionMask = 2147483647;
			files = (
				899E0F12197ED7D00037E65E /* OpticalFlow.r in Rez */,
			);
			runOnlyForDeploymentPostprocessing = 0;
		};
/* End PBXRezBuildPhase section */

/* Begin PBXSourcesBuildPhase section */
		899E0F0B197ED7D00037E65E /* Sources */ = {
			isa = PBXSourcesBuildPhase;
			buildActionMask = 2147483647;
			files = (
				5A45C7272889A1710023BEAF /* OpticalFlowCalculation.cpp in Sources */,
				899E0F0C197ED7D00037E65E /* OpticalFlow.cpp in Sources */,
				5ACE4B3D287F1BBE00C95D11 /* Helper.cpp in Sources */,
			);
			runOnlyForDeploymentPostprocessing = 0;
		};
/* End PBXSourcesBuildPhase section */

/* Begin PBXVariantGroup section */
		089C167DFE841241C02AAC07 /* InfoPlist.strings */ = {
			isa = PBXVariantGroup;
			children = (
				89A1111026B835C000260D21 /* en */,
			);
			name = InfoPlist.strings;
			sourceTree = "<group>";
		};
/* End PBXVariantGroup section */

/* Begin XCBuildConfiguration section */
		89155246093FB1A30062870E /* Debug */ = {
			isa = XCBuildConfiguration;
			buildSettings = {
				ALWAYS_SEARCH_USER_PATHS = NO;
				CLANG_ANALYZER_LOCALIZABILITY_NONLOCALIZED = YES;
				CLANG_WARN_BLOCK_CAPTURE_AUTORELEASING = YES;
				CLANG_WARN_BOOL_CONVERSION = YES;
				CLANG_WARN_COMMA = YES;
				CLANG_WARN_CONSTANT_CONVERSION = YES;
				CLANG_WARN_DEPRECATED_OBJC_IMPLEMENTATIONS = YES;
				CLANG_WARN_EMPTY_BODY = YES;
				CLANG_WARN_ENUM_CONVERSION = YES;
				CLANG_WARN_INFINITE_RECURSION = YES;
				CLANG_WARN_INT_CONVERSION = YES;
				CLANG_WARN_NON_LITERAL_NULL_CONVERSION = YES;
				CLANG_WARN_OBJC_IMPLICIT_RETAIN_SELF = YES;
				CLANG_WARN_OBJC_LITERAL_CONVERSION = YES;
				CLANG_WARN_QUOTED_INCLUDE_IN_FRAMEWORK_HEADER = YES;
				CLANG_WARN_RANGE_LOOP_ANALYSIS = YES;
				CLANG_WARN_STRICT_PROTOTYPES = YES;
				CLANG_WARN_SUSPICIOUS_MOVE = YES;
				CLANG_WARN_UNREACHABLE_CODE = YES;
				CLANG_WARN__DUPLICATE_METHOD_MATCH = YES;
				ENABLE_STRICT_OBJC_MSGSEND = YES;
				ENABLE_TESTABILITY = YES;
				EXCLUDED_ARCHS = arm64;
				GCC_NO_COMMON_BLOCKS = YES;
				GCC_VERSION = "";
				GCC_WARN_64_TO_32_BIT_CONVERSION = YES;
				GCC_WARN_ABOUT_RETURN_TYPE = YES;
				GCC_WARN_UNDECLARED_SELECTOR = YES;
				GCC_WARN_UNINITIALIZED_AUTOS = YES;
				GCC_WARN_UNUSED_FUNCTION = YES;
				GCC_WARN_UNUSED_VARIABLE = YES;
				MACOSX_DEPLOYMENT_TARGET = 10.11;
				ONLY_ACTIVE_ARCH = YES;
				SDKROOT = macosx;
			};
			name = Debug;
		};
		89155247093FB1A30062870E /* Release */ = {
			isa = XCBuildConfiguration;
			buildSettings = {
				ALWAYS_SEARCH_USER_PATHS = NO;
				CLANG_ANALYZER_LOCALIZABILITY_NONLOCALIZED = YES;
				CLANG_WARN_BLOCK_CAPTURE_AUTORELEASING = YES;
				CLANG_WARN_BOOL_CONVERSION = YES;
				CLANG_WARN_COMMA = YES;
				CLANG_WARN_CONSTANT_CONVERSION = YES;
				CLANG_WARN_DEPRECATED_OBJC_IMPLEMENTATIONS = YES;
				CLANG_WARN_EMPTY_BODY = YES;
				CLANG_WARN_ENUM_CONVERSION = YES;
				CLANG_WARN_INFINITE_RECURSION = YES;
				CLANG_WARN_INT_CONVERSION = YES;
				CLANG_WARN_NON_LITERAL_NULL_CONVERSION = YES;
				CLANG_WARN_OBJC_IMPLICIT_RETAIN_SELF = YES;
				CLANG_WARN_OBJC_LITERAL_CONVERSION = YES;
				CLANG_WARN_QUOTED_INCLUDE_IN_FRAMEWORK_HEADER = YES;
				CLANG_WARN_RANGE_LOOP_ANALYSIS = YES;
				CLANG_WARN_STRICT_PROTOTYPES = YES;
				CLANG_WARN_SUSPICIOUS_MOVE = YES;
				CLANG_WARN_UNREACHABLE_CODE = YES;
				CLANG_WARN__DUPLICATE_METHOD_MATCH = YES;
				ENABLE_STRICT_OBJC_MSGSEND = YES;
				EXCLUDED_ARCHS = arm64;
				GCC_NO_COMMON_BLOCKS = YES;
				GCC_VERSION = "";
				GCC_WARN_64_TO_32_BIT_CONVERSION = YES;
				GCC_WARN_ABOUT_RETURN_TYPE = YES;
				GCC_WARN_UNDECLARED_SELECTOR = YES;
				GCC_WARN_UNINITIALIZED_AUTOS = YES;
				GCC_WARN_UNUSED_FUNCTION = YES;
				GCC_WARN_UNUSED_VARIABLE = YES;
				MACOSX_DEPLOYMENT_TARGET = 10.11;
				SDKROOT = macosx;
			};
			name = Release;
		};
		89155248093FB1A30062870E /* Default */ = {
			isa = XCBuildConfiguration;
			buildSettings = {
				ALWAYS_SEARCH_USER_PATHS = NO;
				CLANG_ANALYZER_LOCALIZABILITY_NONLOCALIZED = YES;
				CLANG_WARN_BLOCK_CAPTURE_AUTORELEASING = YES;
				CLANG_WARN_BOOL_CONVERSION = YES;
				CLANG_WARN_COMMA = YES;
				CLANG_WARN_CONSTANT_CONVERSION = YES;
				CLANG_WARN_DEPRECATED_OBJC_IMPLEMENTATIONS = YES;
				CLANG_WARN_EMPTY_BODY = YES;
				CLANG_WARN_ENUM_CONVERSION = YES;
				CLANG_WARN_INFINITE_RECURSION = YES;
				CLANG_WARN_INT_CONVERSION = YES;
				CLANG_WARN_NON_LITERAL_NULL_CONVERSION = YES;
				CLANG_WARN_OBJC_IMPLICIT_RETAIN_SELF = YES;
				CLANG_WARN_OBJC_LITERAL_CONVERSION = YES;
				CLANG_WARN_QUOTED_INCLUDE_IN_FRAMEWORK_HEADER = YES;
				CLANG_WARN_RANGE_LOOP_ANALYSIS = YES;
				CLANG_WARN_STRICT_PROTOTYPES = YES;
				CLANG_WARN_SUSPICIOUS_MOVE = YES;
				CLANG_WARN_UNREACHABLE_CODE = YES;
				CLANG_WARN__DUPLICATE_METHOD_MATCH = YES;
				ENABLE_STRICT_OBJC_MSGSEND = YES;
				EXCLUDED_ARCHS = arm64;
				GCC_NO_COMMON_BLOCKS = YES;
				GCC_VERSION = "";
				GCC_WARN_64_TO_32_BIT_CONVERSION = YES;
				GCC_WARN_ABOUT_RETURN_TYPE = YES;
				GCC_WARN_UNDECLARED_SELECTOR = YES;
				GCC_WARN_UNINITIALIZED_AUTOS = YES;
				GCC_WARN_UNUSED_FUNCTION = YES;
				GCC_WARN_UNUSED_VARIABLE = YES;
				MACOSX_DEPLOYMENT_TARGET = 10.11;
				SDKROOT = macosx;
			};
			name = Default;
		};
		899E0F15197ED7D00037E65E /* Debug */ = {
			isa = XCBuildConfiguration;
			buildSettings = {
				CLANG_CXX_LANGUAGE_STANDARD = "gnu++14";
				CLANG_ENABLE_OBJC_WEAK = YES;
				COMBINE_HIDPI_IMAGES = YES;
				COPY_PHASE_STRIP = NO;
				DEBUGGING_SYMBOLS = YES;
				EXPORTED_SYMBOLS_FILE = ./Exports.exp;
				FRAMEWORK_SEARCH_PATHS = "";
				GCC_DYNAMIC_NO_PIC = NO;
				GCC_ENABLE_TRIGRAPHS = NO;
				GCC_GENERATE_DEBUGGING_SYMBOLS = YES;
				GCC_OPTIMIZATION_LEVEL = 0;
				GCC_PRECOMPILE_PREFIX_HEADER = YES;
				GCC_PREFIX_HEADER = OpticalFlow_Prefix.pch;
				GCC_WARN_ABOUT_DEPRECATED_FUNCTIONS = NO;
				GCC_WARN_ABOUT_MISSING_PROTOTYPES = NO;
				GCC_WARN_FOUR_CHARACTER_CONSTANTS = NO;
				GCC_WARN_UNKNOWN_PRAGMAS = NO;
				GENERATE_PKGINFO = YES;
				HEADER_SEARCH_PATHS = ../../XOPSupport;
				INFOPLIST_FILE = Info64.plist;
				INSTALL_PATH = "$(HOME)/Library/Bundles";
				LIBRARY_SEARCH_PATHS = ../../XOPSupport/Xcode;
				LIBRARY_STYLE = Bundle;
				MACOSX_DEPLOYMENT_TARGET = 10.12;
				OTHER_CFLAGS = "";
				OTHER_LDFLAGS = "";
				OTHER_REZFLAGS = "-i ../../XOPSupport";
				PRODUCT_BUNDLE_IDENTIFIER = "com.telethon.xop.OpticalFlow-64";
				PRODUCT_NAME = "OpticalFlow-64";
				SECTORDER_FLAGS = "";
				WARNING_CFLAGS = "-Wno-parentheses";
				WRAPPER_EXTENSION = xop;
				ZERO_LINK = NO;
			};
			name = Debug;
		};
		899E0F16197ED7D00037E65E /* Release */ = {
			isa = XCBuildConfiguration;
			buildSettings = {
				CLANG_CXX_LANGUAGE_STANDARD = "gnu++14";
				CLANG_ENABLE_OBJC_WEAK = YES;
				COMBINE_HIDPI_IMAGES = YES;
				COPY_PHASE_STRIP = YES;
				EXPORTED_SYMBOLS_FILE = ./Exports.exp;
				FRAMEWORK_SEARCH_PATHS = "";
				GCC_ENABLE_TRIGRAPHS = NO;
				GCC_GENERATE_DEBUGGING_SYMBOLS = NO;
				GCC_PRECOMPILE_PREFIX_HEADER = YES;
				GCC_PREFIX_HEADER = OpticalFlow_Prefix.pch;
				GCC_WARN_ABOUT_DEPRECATED_FUNCTIONS = NO;
				GCC_WARN_ABOUT_MISSING_PROTOTYPES = NO;
				GCC_WARN_FOUR_CHARACTER_CONSTANTS = NO;
				GCC_WARN_UNKNOWN_PRAGMAS = NO;
				GENERATE_PKGINFO = YES;
				HEADER_SEARCH_PATHS = ../../XOPSupport;
				INFOPLIST_FILE = Info64.plist;
				INSTALL_PATH = "$(HOME)/Library/Bundles";
				LIBRARY_SEARCH_PATHS = ../../XOPSupport/Xcode;
				LIBRARY_STYLE = Bundle;
				MACOSX_DEPLOYMENT_TARGET = 10.12;
				OTHER_CFLAGS = "";
				OTHER_LDFLAGS = "";
				OTHER_REZFLAGS = "-i ../../XOPSupport";
				PRODUCT_BUNDLE_IDENTIFIER = "com.telethon.xop.OpticalFlow-64";
				PRODUCT_NAME = "OpticalFlow-64";
				SECTORDER_FLAGS = "";
				WARNING_CFLAGS = "-Wno-parentheses";
				WRAPPER_EXTENSION = xop;
				ZERO_LINK = NO;
			};
			name = Release;
		};
		899E0F17197ED7D00037E65E /* Default */ = {
			isa = XCBuildConfiguration;
			buildSettings = {
				CLANG_CXX_LANGUAGE_STANDARD = "gnu++14";
				CLANG_ENABLE_OBJC_WEAK = YES;
				COMBINE_HIDPI_IMAGES = YES;
				EXPORTED_SYMBOLS_FILE = ./Exports.exp;
				FRAMEWORK_SEARCH_PATHS = "";
				GCC_ENABLE_TRIGRAPHS = NO;
				GCC_GENERATE_DEBUGGING_SYMBOLS = NO;
				GCC_PRECOMPILE_PREFIX_HEADER = YES;
				GCC_PREFIX_HEADER = OpticalFlow_Prefix.pch;
				GCC_WARN_ABOUT_DEPRECATED_FUNCTIONS = NO;
				GCC_WARN_ABOUT_MISSING_PROTOTYPES = NO;
				GCC_WARN_FOUR_CHARACTER_CONSTANTS = NO;
				GCC_WARN_UNKNOWN_PRAGMAS = NO;
				GENERATE_PKGINFO = YES;
				HEADER_SEARCH_PATHS = ../../XOPSupport;
				INFOPLIST_FILE = Info64.plist;
				INSTALL_PATH = "$(HOME)/Library/Bundles";
				LIBRARY_SEARCH_PATHS = ../../XOPSupport/Xcode;
				LIBRARY_STYLE = Bundle;
				MACOSX_DEPLOYMENT_TARGET = 10.12;
				OTHER_CFLAGS = "";
				OTHER_LDFLAGS = "";
				OTHER_REZFLAGS = "-i ../../XOPSupport";
				PRODUCT_BUNDLE_IDENTIFIER = "com.telethon.xop.OpticalFlow-64";
				PRODUCT_NAME = "OpticalFlow-64";
				SECTORDER_FLAGS = "";
				WARNING_CFLAGS = "-Wno-parentheses";
				WRAPPER_EXTENSION = xop;
				ZERO_LINK = NO;
			};
			name = Default;
		};
/* End XCBuildConfiguration section */

/* Begin XCConfigurationList section */
		89155245093FB1A30062870E /* Build configuration list for PBXProject "OpticalFlow" */ = {
			isa = XCConfigurationList;
			buildConfigurations = (
				89155246093FB1A30062870E /* Debug */,
				89155247093FB1A30062870E /* Release */,
				89155248093FB1A30062870E /* Default */,
			);
			defaultConfigurationIsVisible = 0;
			defaultConfigurationName = Default;
		};
		899E0F14197ED7D00037E65E /* Build configuration list for PBXNativeTarget "OpticalFlow-64" */ = {
			isa = XCConfigurationList;
			buildConfigurations = (
				899E0F15197ED7D00037E65E /* Debug */,
				899E0F16197ED7D00037E65E /* Release */,
				899E0F17197ED7D00037E65E /* Default */,
			);
			defaultConfigurationIsVisible = 0;
			defaultConfigurationName = Default;
		};
/* End XCConfigurationList section */
	};
	rootObject = 089C1669FE841209C02AAC07 /* Project object */;
}
